
Microsoft Visual Studio Solution File, Format Version 12.00
# Visual Studio 14
VisualStudioVersion = 14.0.25420.1
MinimumVisualStudioVersion = 10.0.40219.1
Project("{FAE04EC0-301F-11D3-BF4B-00C04F79EFBC}") = "DAL", "Project\DAL.csproj", "{A5375C04-25A2-455D-8D20-732867078F1B}"
EndProject
Project("{FAE04EC0-301F-11D3-BF4B-00C04F79EFBC}") = "Api", "Api\Api.csproj", "{FDA91969-238F-4021-8E50-4A8330E230EE}"
	ProjectSection(ProjectDependencies) = postProject
		{A5375C04-25A2-455D-8D20-732867078F1B} = {A5375C04-25A2-455D-8D20-732867078F1B}
	EndProjectSection
EndProject
Project("{2150E333-8FDC-42A3-9474-1A3956D46DE8}") = "Infrastructure", "Infrastructure", "{DDE2AEA8-B5CA-480F-954C-BA2727F5502E}"
EndProject
Project("{2150E333-8FDC-42A3-9474-1A3956D46DE8}") = "Code", "Code", "{ABB8044B-9D0A-433C-AA26-8A75F8EA65E7}"
EndProject
Project("{FAE04EC0-301F-11D3-BF4B-00C04F79EFBC}") = "Persistance", "Persistance\Persistance.csproj", "{A8431F9E-4043-4FDC-B304-CC2754D9C37B}"
EndProject
Project("{2150E333-8FDC-42A3-9474-1A3956D46DE8}") = "Test", "Test", "{3941BAE2-9715-4D09-AA77-CA31A402BC57}"
EndProject
Project("{2150E333-8FDC-42A3-9474-1A3956D46DE8}") = "Model", "Model", "{20FF566C-00B4-4513-8358-42FBB92C967F}"
EndProject
Project("{2150E333-8FDC-42A3-9474-1A3956D46DE8}") = "Code", "Code", "{9EA13234-CE56-446D-A2E2-1D2154E3D83F}"
EndProject
Project("{FAE04EC0-301F-11D3-BF4B-00C04F79EFBC}") = "Model", "Model\Model.csproj", "{685DC7D9-857F-4C07-B306-90DD5480A2C6}"
EndProject
Project("{FAE04EC0-301F-11D3-BF4B-00C04F79EFBC}") = "ModelAbstractions", "ModelAbstractions\ModelAbstractions.csproj", "{7761770B-0533-4BBD-B328-C4986445205F}"
EndProject
Project("{2150E333-8FDC-42A3-9474-1A3956D46DE8}") = "Test", "Test", "{2E4CBEF4-4FC3-4245-9C67-335CA94072CA}"
EndProject
Project("{FAE04EC0-301F-11D3-BF4B-00C04F79EFBC}") = "Model.Test", "Model.Test\Model.Test.csproj", "{A1B2B17F-5FC7-49F9-AEC6-B534D9FC1935}"
EndProject
Project("{FAE04EC0-301F-11D3-BF4B-00C04F79EFBC}") = "ModelAbstractions.Test", "ModelAbstractions.Test\ModelAbstractions.Test.csproj", "{2E670471-85C7-4380-857A-D65402C45628}"
EndProject
Project("{2150E333-8FDC-42A3-9474-1A3956D46DE8}") = "Common", "Common", "{FDE43235-61D3-4DA6-8F03-D8597D3E9875}"
EndProject
Project("{FAE04EC0-301F-11D3-BF4B-00C04F79EFBC}") = "Common", "Common\Common.csproj", "{B38663A2-FF62-4650-B6F3-F0E4D105A58F}"
EndProject
Global
	GlobalSection(SolutionConfigurationPlatforms) = preSolution
		Debug|Any CPU = Debug|Any CPU
		Release|Any CPU = Release|Any CPU
	EndGlobalSection
	GlobalSection(ProjectConfigurationPlatforms) = postSolution
		{A5375C04-25A2-455D-8D20-732867078F1B}.Debug|Any CPU.ActiveCfg = Debug|Any CPU
		{A5375C04-25A2-455D-8D20-732867078F1B}.Debug|Any CPU.Build.0 = Debug|Any CPU
		{A5375C04-25A2-455D-8D20-732867078F1B}.Release|Any CPU.ActiveCfg = Release|Any CPU
		{A5375C04-25A2-455D-8D20-732867078F1B}.Release|Any CPU.Build.0 = Release|Any CPU
		{FDA91969-238F-4021-8E50-4A8330E230EE}.Debug|Any CPU.ActiveCfg = Debug|Any CPU
		{FDA91969-238F-4021-8E50-4A8330E230EE}.Debug|Any CPU.Build.0 = Debug|Any CPU
		{FDA91969-238F-4021-8E50-4A8330E230EE}.Release|Any CPU.ActiveCfg = Release|Any CPU
		{FDA91969-238F-4021-8E50-4A8330E230EE}.Release|Any CPU.Build.0 = Release|Any CPU
		{A8431F9E-4043-4FDC-B304-CC2754D9C37B}.Debug|Any CPU.ActiveCfg = Debug|Any CPU
		{A8431F9E-4043-4FDC-B304-CC2754D9C37B}.Debug|Any CPU.Build.0 = Debug|Any CPU
		{A8431F9E-4043-4FDC-B304-CC2754D9C37B}.Release|Any CPU.ActiveCfg = Release|Any CPU
		{A8431F9E-4043-4FDC-B304-CC2754D9C37B}.Release|Any CPU.Build.0 = Release|Any CPU
		{685DC7D9-857F-4C07-B306-90DD5480A2C6}.Debug|Any CPU.ActiveCfg = Debug|Any CPU
		{685DC7D9-857F-4C07-B306-90DD5480A2C6}.Debug|Any CPU.Build.0 = Debug|Any CPU
		{685DC7D9-857F-4C07-B306-90DD5480A2C6}.Release|Any CPU.ActiveCfg = Release|Any CPU
		{685DC7D9-857F-4C07-B306-90DD5480A2C6}.Release|Any CPU.Build.0 = Release|Any CPU
		{7761770B-0533-4BBD-B328-C4986445205F}.Debug|Any CPU.ActiveCfg = Debug|Any CPU
		{7761770B-0533-4BBD-B328-C4986445205F}.Debug|Any CPU.Build.0 = Debug|Any CPU
		{7761770B-0533-4BBD-B328-C4986445205F}.Release|Any CPU.ActiveCfg = Release|Any CPU
		{7761770B-0533-4BBD-B328-C4986445205F}.Release|Any CPU.Build.0 = Release|Any CPU
		{A1B2B17F-5FC7-49F9-AEC6-B534D9FC1935}.Debug|Any CPU.ActiveCfg = Debug|Any CPU
		{A1B2B17F-5FC7-49F9-AEC6-B534D9FC1935}.Debug|Any CPU.Build.0 = Debug|Any CPU
		{A1B2B17F-5FC7-49F9-AEC6-B534D9FC1935}.Release|Any CPU.ActiveCfg = Release|Any CPU
		{A1B2B17F-5FC7-49F9-AEC6-B534D9FC1935}.Release|Any CPU.Build.0 = Release|Any CPU
		{2E670471-85C7-4380-857A-D65402C45628}.Debug|Any CPU.ActiveCfg = Debug|Any CPU
		{2E670471-85C7-4380-857A-D65402C45628}.Debug|Any CPU.Build.0 = Debug|Any CPU
		{2E670471-85C7-4380-857A-D65402C45628}.Release|Any CPU.ActiveCfg = Release|Any CPU
		{2E670471-85C7-4380-857A-D65402C45628}.Release|Any CPU.Build.0 = Release|Any CPU
		{B38663A2-FF62-4650-B6F3-F0E4D105A58F}.Debug|Any CPU.ActiveCfg = Debug|Any CPU
		{B38663A2-FF62-4650-B6F3-F0E4D105A58F}.Debug|Any CPU.Build.0 = Debug|Any CPU
		{B38663A2-FF62-4650-B6F3-F0E4D105A58F}.Release|Any CPU.ActiveCfg = Release|Any CPU
		{B38663A2-FF62-4650-B6F3-F0E4D105A58F}.Release|Any CPU.Build.0 = Release|Any CPU
	EndGlobalSection
	GlobalSection(SolutionProperties) = preSolution
		HideSolutionNode = FALSE
	EndGlobalSection
	GlobalSection(NestedProjects) = preSolution
		{ABB8044B-9D0A-433C-AA26-8A75F8EA65E7} = {DDE2AEA8-B5CA-480F-954C-BA2727F5502E}
		{A8431F9E-4043-4FDC-B304-CC2754D9C37B} = {ABB8044B-9D0A-433C-AA26-8A75F8EA65E7}
		{3941BAE2-9715-4D09-AA77-CA31A402BC57} = {DDE2AEA8-B5CA-480F-954C-BA2727F5502E}
		{9EA13234-CE56-446D-A2E2-1D2154E3D83F} = {20FF566C-00B4-4513-8358-42FBB92C967F}
		{685DC7D9-857F-4C07-B306-90DD5480A2C6} = {9EA13234-CE56-446D-A2E2-1D2154E3D83F}
		{7761770B-0533-4BBD-B328-C4986445205F} = {9EA13234-CE56-446D-A2E2-1D2154E3D83F}
		{2E4CBEF4-4FC3-4245-9C67-335CA94072CA} = {20FF566C-00B4-4513-8358-42FBB92C967F}
		{A1B2B17F-5FC7-49F9-AEC6-B534D9FC1935} = {2E4CBEF4-4FC3-4245-9C67-335CA94072CA}
		{2E670471-85C7-4380-857A-D65402C45628} = {2E4CBEF4-4FC3-4245-9C67-335CA94072CA}
		{B38663A2-FF62-4650-B6F3-F0E4D105A58F} = {FDE43235-61D3-4DA6-8F03-D8597D3E9875}
	EndGlobalSection
	GlobalSection(ExtensibilityGlobals) = postSolution
		SolutionGuid = {A2A81EC1-34A5-4FD8-B046-52DC02C41FF4}
	EndGlobalSection
EndGlobal
